
Microsoft Visual Studio Solution File, Format Version 12.00
# Visual Studio Version 17
VisualStudioVersion = 17.3.32804.467
MinimumVisualStudioVersion = 10.0.40219.1
Project("{FAE04EC0-301F-11D3-BF4B-00C04F79EFBC}") = "WeMakeTeamTask1", "WeMakeTeamTask1\WeMakeTeamTask1.csproj", "{E5372C70-57B2-4F69-BBA0-54DA33A7C206}"
EndProject
Global
	GlobalSection(SolutionConfigurationPlatforms) = preSolution
		Debug|Any CPU = Debug|Any CPU
		Release|Any CPU = Release|Any CPU
	EndGlobalSection
	GlobalSection(ProjectConfigurationPlatforms) = postSolution
		{E5372C70-57B2-4F69-BBA0-54DA33A7C206}.Debug|Any CPU.ActiveCfg = Debug|Any CPU
		{E5372C70-57B2-4F69-BBA0-54DA33A7C206}.Debug|Any CPU.Build.0 = Debug|Any CPU
		{E5372C70-57B2-4F69-BBA0-54DA33A7C206}.Release|Any CPU.ActiveCfg = Release|Any CPU
		{E5372C70-57B2-4F69-BBA0-54DA33A7C206}.Release|Any CPU.Build.0 = Release|Any CPU
	EndGlobalSection
	GlobalSection(SolutionProperties) = preSolution
		HideSolutionNode = FALSE
	EndGlobalSection
	GlobalSection(ExtensibilityGlobals) = postSolution
		SolutionGuid = {475A11B7-DD50-4102-83A1-3971D4C233A4}
	EndGlobalSection
EndGlobal
